
Microsoft Visual Studio Solution File, Format Version 12.00
# Visual Studio Version 17
VisualStudioVersion = 17.11.35303.130
MinimumVisualStudioVersion = 10.0.40219.1
Project("{9A19103F-16F7-4668-BE54-9A1E7A4F7556}") = "EmployeeManagment", "EmployeeManagment\EmployeeManagment.csproj", "{2CA80CD5-C2DC-4088-9183-8EF81D9D4637}"
EndProject
Project("{9A19103F-16F7-4668-BE54-9A1E7A4F7556}") = "EMTests", "EMTests\EMTests.csproj", "{90D860A7-6541-40CD-98B4-B98794FDDDC3}"
EndProject
Project("{2150E333-8FDC-42A3-9474-1A3956D46DE8}") = "tests", "tests", "{AE54D50D-1E02-4F58-BBDB-0E6BBE5E835A}"
EndProject
Project("{FAE04EC0-301F-11D3-BF4B-00C04F79EFBC}") = "EmployeeManagmentBlazor", "EmployeeManagmentBlazor\EmployeeManagmentBlazor.csproj", "{3430A51E-9DF6-4DC0-BE14-50F911342CA6}"
EndProject
Global
	GlobalSection(SolutionConfigurationPlatforms) = preSolution
		Debug|Any CPU = Debug|Any CPU
		Release|Any CPU = Release|Any CPU
	EndGlobalSection
	GlobalSection(ProjectConfigurationPlatforms) = postSolution
		{2CA80CD5-C2DC-4088-9183-8EF81D9D4637}.Debug|Any CPU.ActiveCfg = Debug|Any CPU
		{2CA80CD5-C2DC-4088-9183-8EF81D9D4637}.Debug|Any CPU.Build.0 = Debug|Any CPU
		{2CA80CD5-C2DC-4088-9183-8EF81D9D4637}.Release|Any CPU.ActiveCfg = Release|Any CPU
		{2CA80CD5-C2DC-4088-9183-8EF81D9D4637}.Release|Any CPU.Build.0 = Release|Any CPU
		{90D860A7-6541-40CD-98B4-B98794FDDDC3}.Debug|Any CPU.ActiveCfg = Debug|Any CPU
		{90D860A7-6541-40CD-98B4-B98794FDDDC3}.Debug|Any CPU.Build.0 = Debug|Any CPU
		{90D860A7-6541-40CD-98B4-B98794FDDDC3}.Release|Any CPU.ActiveCfg = Release|Any CPU
		{90D860A7-6541-40CD-98B4-B98794FDDDC3}.Release|Any CPU.Build.0 = Release|Any CPU
		{3430A51E-9DF6-4DC0-BE14-50F911342CA6}.Debug|Any CPU.ActiveCfg = Debug|Any CPU
		{3430A51E-9DF6-4DC0-BE14-50F911342CA6}.Debug|Any CPU.Build.0 = Debug|Any CPU
		{3430A51E-9DF6-4DC0-BE14-50F911342CA6}.Release|Any CPU.ActiveCfg = Release|Any CPU
		{3430A51E-9DF6-4DC0-BE14-50F911342CA6}.Release|Any CPU.Build.0 = Release|Any CPU
	EndGlobalSection
	GlobalSection(SolutionProperties) = preSolution
		HideSolutionNode = FALSE
	EndGlobalSection
	GlobalSection(ExtensibilityGlobals) = postSolution
		SolutionGuid = {55D63142-DDF2-4EA8-AA5A-2095167E4DBC}
	EndGlobalSection
EndGlobal
